
Microsoft Visual Studio Solution File, Format Version 12.00
# Visual Studio Version 16
VisualStudioVersion = 16.0.30611.23
MinimumVisualStudioVersion = 10.0.40219.1
Project("{FAE04EC0-301F-11D3-BF4B-00C04F79EFBC}") = "ThePrincess", "ThePrincess\ThePrincess.csproj", "{3B82CE04-591A-4CDE-9C50-01489F69186C}"
EndProject
Global
	GlobalSection(SolutionConfigurationPlatforms) = preSolution
		Debug|Any CPU = Debug|Any CPU
		Release|Any CPU = Release|Any CPU
	EndGlobalSection
	GlobalSection(ProjectConfigurationPlatforms) = postSolution
		{3B82CE04-591A-4CDE-9C50-01489F69186C}.Debug|Any CPU.ActiveCfg = Debug|Any CPU
		{3B82CE04-591A-4CDE-9C50-01489F69186C}.Debug|Any CPU.Build.0 = Debug|Any CPU
		{3B82CE04-591A-4CDE-9C50-01489F69186C}.Release|Any CPU.ActiveCfg = Release|Any CPU
		{3B82CE04-591A-4CDE-9C50-01489F69186C}.Release|Any CPU.Build.0 = Release|Any CPU
	EndGlobalSection
	GlobalSection(SolutionProperties) = preSolution
		HideSolutionNode = FALSE
	EndGlobalSection
	GlobalSection(ExtensibilityGlobals) = postSolution
		SolutionGuid = {AC99A532-30FD-4DBF-B801-ADD262C3802B}
	EndGlobalSection
EndGlobal
